
Microsoft Visual Studio Solution File, Format Version 12.00
# Visual Studio 15
VisualStudioVersion = 15.0.26124.0
MinimumVisualStudioVersion = 15.0.26124.0
Project("{2150E333-8FDC-42A3-9474-1A3956D46DE8}") = "src", "src", "{D47B0333-D61D-48FA-B6EF-9294EE6FADAC}"
EndProject
Project("{9A19103F-16F7-4668-BE54-9A1E7A4F7556}") = "OK.Bitter.Api", "src\OK.Bitter.Api\OK.Bitter.Api.csproj", "{B3D73EDE-ECF5-4D0E-9988-DF3EB4C641AD}"
EndProject
Project("{9A19103F-16F7-4668-BE54-9A1E7A4F7556}") = "OK.Bitter.Common", "src\OK.Bitter.Common\OK.Bitter.Common.csproj", "{FF77B235-B6D1-4E32-852F-9FA92A6A9B4B}"
EndProject
Project("{9A19103F-16F7-4668-BE54-9A1E7A4F7556}") = "OK.Bitter.Core", "src\OK.Bitter.Core\OK.Bitter.Core.csproj", "{9BD4FF7F-EDFD-47D6-BF81-6DC986954DC9}"
EndProject
Project("{9A19103F-16F7-4668-BE54-9A1E7A4F7556}") = "OK.Bitter.DataAccess", "src\OK.Bitter.DataAccess\OK.Bitter.DataAccess.csproj", "{8B01AEA5-D240-4DEA-86C2-19093B14C634}"
EndProject
Project("{9A19103F-16F7-4668-BE54-9A1E7A4F7556}") = "OK.Bitter.Services", "src\OK.Bitter.Services\OK.Bitter.Services.csproj", "{11E3DB22-8C76-4057-97C1-5B750032E899}"
EndProject
Project("{FAE04EC0-301F-11D3-BF4B-00C04F79EFBC}") = "OK.Bitter.Engine", "src\OK.Bitter.Engine\OK.Bitter.Engine.csproj", "{B151EFC9-4D79-4299-B455-F16BAF7AB315}"
EndProject
Global
	GlobalSection(SolutionConfigurationPlatforms) = preSolution
		Debug|Any CPU = Debug|Any CPU
		Debug|x64 = Debug|x64
		Debug|x86 = Debug|x86
		Release|Any CPU = Release|Any CPU
		Release|x64 = Release|x64
		Release|x86 = Release|x86
	EndGlobalSection
	GlobalSection(ProjectConfigurationPlatforms) = postSolution
		{B3D73EDE-ECF5-4D0E-9988-DF3EB4C641AD}.Debug|Any CPU.ActiveCfg = Debug|Any CPU
		{B3D73EDE-ECF5-4D0E-9988-DF3EB4C641AD}.Debug|Any CPU.Build.0 = Debug|Any CPU
		{B3D73EDE-ECF5-4D0E-9988-DF3EB4C641AD}.Debug|x64.ActiveCfg = Debug|Any CPU
		{B3D73EDE-ECF5-4D0E-9988-DF3EB4C641AD}.Debug|x64.Build.0 = Debug|Any CPU
		{B3D73EDE-ECF5-4D0E-9988-DF3EB4C641AD}.Debug|x86.ActiveCfg = Debug|Any CPU
		{B3D73EDE-ECF5-4D0E-9988-DF3EB4C641AD}.Debug|x86.Build.0 = Debug|Any CPU
		{B3D73EDE-ECF5-4D0E-9988-DF3EB4C641AD}.Release|Any CPU.ActiveCfg = Release|Any CPU
		{B3D73EDE-ECF5-4D0E-9988-DF3EB4C641AD}.Release|Any CPU.Build.0 = Release|Any CPU
		{B3D73EDE-ECF5-4D0E-9988-DF3EB4C641AD}.Release|x64.ActiveCfg = Release|Any CPU
		{B3D73EDE-ECF5-4D0E-9988-DF3EB4C641AD}.Release|x64.Build.0 = Release|Any CPU
		{B3D73EDE-ECF5-4D0E-9988-DF3EB4C641AD}.Release|x86.ActiveCfg = Release|Any CPU
		{B3D73EDE-ECF5-4D0E-9988-DF3EB4C641AD}.Release|x86.Build.0 = Release|Any CPU
		{FF77B235-B6D1-4E32-852F-9FA92A6A9B4B}.Debug|Any CPU.ActiveCfg = Debug|Any CPU
		{FF77B235-B6D1-4E32-852F-9FA92A6A9B4B}.Debug|Any CPU.Build.0 = Debug|Any CPU
		{FF77B235-B6D1-4E32-852F-9FA92A6A9B4B}.Debug|x64.ActiveCfg = Debug|Any CPU
		{FF77B235-B6D1-4E32-852F-9FA92A6A9B4B}.Debug|x64.Build.0 = Debug|Any CPU
		{FF77B235-B6D1-4E32-852F-9FA92A6A9B4B}.Debug|x86.ActiveCfg = Debug|Any CPU
		{FF77B235-B6D1-4E32-852F-9FA92A6A9B4B}.Debug|x86.Build.0 = Debug|Any CPU
		{FF77B235-B6D1-4E32-852F-9FA92A6A9B4B}.Release|Any CPU.ActiveCfg = Release|Any CPU
		{FF77B235-B6D1-4E32-852F-9FA92A6A9B4B}.Release|Any CPU.Build.0 = Release|Any CPU
		{FF77B235-B6D1-4E32-852F-9FA92A6A9B4B}.Release|x64.ActiveCfg = Release|Any CPU
		{FF77B235-B6D1-4E32-852F-9FA92A6A9B4B}.Release|x64.Build.0 = Release|Any CPU
		{FF77B235-B6D1-4E32-852F-9FA92A6A9B4B}.Release|x86.ActiveCfg = Release|Any CPU
		{FF77B235-B6D1-4E32-852F-9FA92A6A9B4B}.Release|x86.Build.0 = Release|Any CPU
		{9BD4FF7F-EDFD-47D6-BF81-6DC986954DC9}.Debug|Any CPU.ActiveCfg = Debug|Any CPU
		{9BD4FF7F-EDFD-47D6-BF81-6DC986954DC9}.Debug|Any CPU.Build.0 = Debug|Any CPU
		{9BD4FF7F-EDFD-47D6-BF81-6DC986954DC9}.Debug|x64.ActiveCfg = Debug|Any CPU
		{9BD4FF7F-EDFD-47D6-BF81-6DC986954DC9}.Debug|x64.Build.0 = Debug|Any CPU
		{9BD4FF7F-EDFD-47D6-BF81-6DC986954DC9}.Debug|x86.ActiveCfg = Debug|Any CPU
		{9BD4FF7F-EDFD-47D6-BF81-6DC986954DC9}.Debug|x86.Build.0 = Debug|Any CPU
		{9BD4FF7F-EDFD-47D6-BF81-6DC986954DC9}.Release|Any CPU.ActiveCfg = Release|Any CPU
		{9BD4FF7F-EDFD-47D6-BF81-6DC986954DC9}.Release|Any CPU.Build.0 = Release|Any CPU
		{9BD4FF7F-EDFD-47D6-BF81-6DC986954DC9}.Release|x64.ActiveCfg = Release|Any CPU
		{9BD4FF7F-EDFD-47D6-BF81-6DC986954DC9}.Release|x64.Build.0 = Release|Any CPU
		{9BD4FF7F-EDFD-47D6-BF81-6DC986954DC9}.Release|x86.ActiveCfg = Release|Any CPU
		{9BD4FF7F-EDFD-47D6-BF81-6DC986954DC9}.Release|x86.Build.0 = Release|Any CPU
		{8B01AEA5-D240-4DEA-86C2-19093B14C634}.Debug|Any CPU.ActiveCfg = Debug|Any CPU
		{8B01AEA5-D240-4DEA-86C2-19093B14C634}.Debug|Any CPU.Build.0 = Debug|Any CPU
		{8B01AEA5-D240-4DEA-86C2-19093B14C634}.Debug|x64.ActiveCfg = Debug|Any CPU
		{8B01AEA5-D240-4DEA-86C2-19093B14C634}.Debug|x64.Build.0 = Debug|Any CPU
		{8B01AEA5-D240-4DEA-86C2-19093B14C634}.Debug|x86.ActiveCfg = Debug|Any CPU
		{8B01AEA5-D240-4DEA-86C2-19093B14C634}.Debug|x86.Build.0 = Debug|Any CPU
		{8B01AEA5-D240-4DEA-86C2-19093B14C634}.Release|Any CPU.ActiveCfg = Release|Any CPU
		{8B01AEA5-D240-4DEA-86C2-19093B14C634}.Release|Any CPU.Build.0 = Release|Any CPU
		{8B01AEA5-D240-4DEA-86C2-19093B14C634}.Release|x64.ActiveCfg = Release|Any CPU
		{8B01AEA5-D240-4DEA-86C2-19093B14C634}.Release|x64.Build.0 = Release|Any CPU
		{8B01AEA5-D240-4DEA-86C2-19093B14C634}.Release|x86.ActiveCfg = Release|Any CPU
		{8B01AEA5-D240-4DEA-86C2-19093B14C634}.Release|x86.Build.0 = Release|Any CPU
		{11E3DB22-8C76-4057-97C1-5B750032E899}.Debug|Any CPU.ActiveCfg = Debug|Any CPU
		{11E3DB22-8C76-4057-97C1-5B750032E899}.Debug|Any CPU.Build.0 = Debug|Any CPU
		{11E3DB22-8C76-4057-97C1-5B750032E899}.Debug|x64.ActiveCfg = Debug|Any CPU
		{11E3DB22-8C76-4057-97C1-5B750032E899}.Debug|x64.Build.0 = Debug|Any CPU
		{11E3DB22-8C76-4057-97C1-5B750032E899}.Debug|x86.ActiveCfg = Debug|Any CPU
		{11E3DB22-8C76-4057-97C1-5B750032E899}.Debug|x86.Build.0 = Debug|Any CPU
		{11E3DB22-8C76-4057-97C1-5B750032E899}.Release|Any CPU.ActiveCfg = Release|Any CPU
		{11E3DB22-8C76-4057-97C1-5B750032E899}.Release|Any CPU.Build.0 = Release|Any CPU
		{11E3DB22-8C76-4057-97C1-5B750032E899}.Release|x64.ActiveCfg = Release|Any CPU
		{11E3DB22-8C76-4057-97C1-5B750032E899}.Release|x64.Build.0 = Release|Any CPU
		{11E3DB22-8C76-4057-97C1-5B750032E899}.Release|x86.ActiveCfg = Release|Any CPU
		{11E3DB22-8C76-4057-97C1-5B750032E899}.Release|x86.Build.0 = Release|Any CPU
		{B151EFC9-4D79-4299-B455-F16BAF7AB315}.Debug|Any CPU.ActiveCfg = Debug|Any CPU
		{B151EFC9-4D79-4299-B455-F16BAF7AB315}.Debug|Any CPU.Build.0 = Debug|Any CPU
		{B151EFC9-4D79-4299-B455-F16BAF7AB315}.Debug|x64.ActiveCfg = Debug|Any CPU
		{B151EFC9-4D79-4299-B455-F16BAF7AB315}.Debug|x64.Build.0 = Debug|Any CPU
		{B151EFC9-4D79-4299-B455-F16BAF7AB315}.Debug|x86.ActiveCfg = Debug|Any CPU
		{B151EFC9-4D79-4299-B455-F16BAF7AB315}.Debug|x86.Build.0 = Debug|Any CPU
		{B151EFC9-4D79-4299-B455-F16BAF7AB315}.Release|Any CPU.ActiveCfg = Release|Any CPU
		{B151EFC9-4D79-4299-B455-F16BAF7AB315}.Release|Any CPU.Build.0 = Release|Any CPU
		{B151EFC9-4D79-4299-B455-F16BAF7AB315}.Release|x64.ActiveCfg = Release|Any CPU
		{B151EFC9-4D79-4299-B455-F16BAF7AB315}.Release|x64.Build.0 = Release|Any CPU
		{B151EFC9-4D79-4299-B455-F16BAF7AB315}.Release|x86.ActiveCfg = Release|Any CPU
		{B151EFC9-4D79-4299-B455-F16BAF7AB315}.Release|x86.Build.0 = Release|Any CPU
	EndGlobalSection
	GlobalSection(SolutionProperties) = preSolution
		HideSolutionNode = FALSE
	EndGlobalSection
	GlobalSection(NestedProjects) = preSolution
		{B3D73EDE-ECF5-4D0E-9988-DF3EB4C641AD} = {D47B0333-D61D-48FA-B6EF-9294EE6FADAC}
		{FF77B235-B6D1-4E32-852F-9FA92A6A9B4B} = {D47B0333-D61D-48FA-B6EF-9294EE6FADAC}
		{9BD4FF7F-EDFD-47D6-BF81-6DC986954DC9} = {D47B0333-D61D-48FA-B6EF-9294EE6FADAC}
		{8B01AEA5-D240-4DEA-86C2-19093B14C634} = {D47B0333-D61D-48FA-B6EF-9294EE6FADAC}
		{11E3DB22-8C76-4057-97C1-5B750032E899} = {D47B0333-D61D-48FA-B6EF-9294EE6FADAC}
		{B151EFC9-4D79-4299-B455-F16BAF7AB315} = {D47B0333-D61D-48FA-B6EF-9294EE6FADAC}
	EndGlobalSection
	GlobalSection(ExtensibilityGlobals) = postSolution
		SolutionGuid = {9AB5D05D-4F0E-4EF0-9A2B-D2D1EF97E155}
	EndGlobalSection
EndGlobal
